// !$*UTF8*$!
{
	archiveVersion = 1;
	classes = {
	};
	objectVersion = 50;
	objects = {

/* Begin PBXBuildFile section */
		E360D3302625D22A00B1240C /* AppDelegate.swift in Sources */ = {isa = PBXBuildFile; fileRef = E360D32F2625D22A00B1240C /* AppDelegate.swift */; };
		E360D3322625D22A00B1240C /* SceneDelegate.swift in Sources */ = {isa = PBXBuildFile; fileRef = E360D3312625D22A00B1240C /* SceneDelegate.swift */; };
		E360D3342625D22A00B1240C /* ViewController.swift in Sources */ = {isa = PBXBuildFile; fileRef = E360D3332625D22A00B1240C /* ViewController.swift */; };
		E360D3372625D22A00B1240C /* Main.storyboard in Resources */ = {isa = PBXBuildFile; fileRef = E360D3352625D22A00B1240C /* Main.storyboard */; };
		E360D3392625D22C00B1240C /* Assets.xcassets in Resources */ = {isa = PBXBuildFile; fileRef = E360D3382625D22C00B1240C /* Assets.xcassets */; };
		E360D33C2625D22C00B1240C /* LaunchScreen.storyboard in Resources */ = {isa = PBXBuildFile; fileRef = E360D33A2625D22C00B1240C /* LaunchScreen.storyboard */; };
		E36CF4E12630C96D009EF7BC /* CustomCollectionView.xib in Resources */ = {isa = PBXBuildFile; fileRef = E36CF4E02630C96D009EF7BC /* CustomCollectionView.xib */; };
		E36CF4E42630CB91009EF7BC /* CustomCollectionView.swift in Sources */ = {isa = PBXBuildFile; fileRef = E36CF4E32630CB91009EF7BC /* CustomCollectionView.swift */; };
		E36CF4E82630CE6D009EF7BC /* CustomCollectionViewCell.swift in Sources */ = {isa = PBXBuildFile; fileRef = E36CF4E62630CE6D009EF7BC /* CustomCollectionViewCell.swift */; };
		E36CF4E92630CE6D009EF7BC /* CustomCollectionViewCell.xib in Resources */ = {isa = PBXBuildFile; fileRef = E36CF4E72630CE6D009EF7BC /* CustomCollectionViewCell.xib */; };
		E372B3B126513B3C004C5D7A /* CustomCollection.swift in Sources */ = {isa = PBXBuildFile; fileRef = E372B3B026513B3C004C5D7A /* CustomCollection.swift */; };
		E372B3BD265177E4004C5D7A /* CustomCollection.xib in Resources */ = {isa = PBXBuildFile; fileRef = E372B3BC265177E4004C5D7A /* CustomCollection.xib */; };
		E3C4729F263AF093000BBCBE /* MockDatabase.swift in Sources */ = {isa = PBXBuildFile; fileRef = E3C4729E263AF093000BBCBE /* MockDatabase.swift */; };
		E3CC34A62638503C000DB6AC /* ManagedObjects.swift in Sources */ = {isa = PBXBuildFile; fileRef = E3CC34A52638503C000DB6AC /* ManagedObjects.swift */; };
		E3CC34AA263851BE000DB6AC /* Utils.swift in Sources */ = {isa = PBXBuildFile; fileRef = E3CC34A9263851BE000DB6AC /* Utils.swift */; };
		E3E1E78C263C12EB00ABE669 /* CustomTableView.swift in Sources */ = {isa = PBXBuildFile; fileRef = E3E1E78B263C12EB00ABE669 /* CustomTableView.swift */; };
		E3E1E790263C12FE00ABE669 /* CustomTableView.xib in Resources */ = {isa = PBXBuildFile; fileRef = E3E1E78F263C12FE00ABE669 /* CustomTableView.xib */; };
		E3E1E795263C167500ABE669 /* CustomTableViewCell.swift in Sources */ = {isa = PBXBuildFile; fileRef = E3E1E793263C167500ABE669 /* CustomTableViewCell.swift */; };
		E3E1E796263C167500ABE669 /* CustomTableViewCell.xib in Resources */ = {isa = PBXBuildFile; fileRef = E3E1E794263C167500ABE669 /* CustomTableViewCell.xib */; };
/* End PBXBuildFile section */

/* Begin PBXFileReference section */
		E360D32C2625D22A00B1240C /* CustomTableView.app */ = {isa = PBXFileReference; explicitFileType = wrapper.application; includeInIndex = 0; path = CustomTableView.app; sourceTree = BUILT_PRODUCTS_DIR; };
		E360D32F2625D22A00B1240C /* AppDelegate.swift */ = {isa = PBXFileReference; lastKnownFileType = sourcecode.swift; path = AppDelegate.swift; sourceTree = "<group>"; };
		E360D3312625D22A00B1240C /* SceneDelegate.swift */ = {isa = PBXFileReference; lastKnownFileType = sourcecode.swift; path = SceneDelegate.swift; sourceTree = "<group>"; };
		E360D3332625D22A00B1240C /* ViewController.swift */ = {isa = PBXFileReference; lastKnownFileType = sourcecode.swift; path = ViewController.swift; sourceTree = "<group>"; };
		E360D3362625D22A00B1240C /* Base */ = {isa = PBXFileReference; lastKnownFileType = file.storyboard; name = Base; path = Base.lproj/Main.storyboard; sourceTree = "<group>"; };
		E360D3382625D22C00B1240C /* Assets.xcassets */ = {isa = PBXFileReference; lastKnownFileType = folder.assetcatalog; path = Assets.xcassets; sourceTree = "<group>"; };
		E360D33B2625D22C00B1240C /* Base */ = {isa = PBXFileReference; lastKnownFileType = file.storyboard; name = Base; path = Base.lproj/LaunchScreen.storyboard; sourceTree = "<group>"; };
		E360D33D2625D22C00B1240C /* Info.plist */ = {isa = PBXFileReference; lastKnownFileType = text.plist.xml; path = Info.plist; sourceTree = "<group>"; };
		E36CF4E02630C96D009EF7BC /* CustomCollectionView.xib */ = {isa = PBXFileReference; lastKnownFileType = file.xib; path = CustomCollectionView.xib; sourceTree = "<group>"; };
		E36CF4E32630CB91009EF7BC /* CustomCollectionView.swift */ = {isa = PBXFileReference; lastKnownFileType = sourcecode.swift; path = CustomCollectionView.swift; sourceTree = "<group>"; };
		E36CF4E62630CE6D009EF7BC /* CustomCollectionViewCell.swift */ = {isa = PBXFileReference; lastKnownFileType = sourcecode.swift; path = CustomCollectionViewCell.swift; sourceTree = "<group>"; };
		E36CF4E72630CE6D009EF7BC /* CustomCollectionViewCell.xib */ = {isa = PBXFileReference; lastKnownFileType = file.xib; path = CustomCollectionViewCell.xib; sourceTree = "<group>"; };
		E372B3B026513B3C004C5D7A /* CustomCollection.swift */ = {isa = PBXFileReference; lastKnownFileType = sourcecode.swift; path = CustomCollection.swift; sourceTree = "<group>"; };
		E372B3BC265177E4004C5D7A /* CustomCollection.xib */ = {isa = PBXFileReference; lastKnownFileType = file.xib; path = CustomCollection.xib; sourceTree = "<group>"; };
		E3C4729E263AF093000BBCBE /* MockDatabase.swift */ = {isa = PBXFileReference; lastKnownFileType = sourcecode.swift; path = MockDatabase.swift; sourceTree = "<group>"; };
		E3CC34A52638503C000DB6AC /* ManagedObjects.swift */ = {isa = PBXFileReference; lastKnownFileType = sourcecode.swift; path = ManagedObjects.swift; sourceTree = "<group>"; };
		E3CC34A9263851BE000DB6AC /* Utils.swift */ = {isa = PBXFileReference; lastKnownFileType = sourcecode.swift; path = Utils.swift; sourceTree = "<group>"; };
		E3E1E78B263C12EB00ABE669 /* CustomTableView.swift */ = {isa = PBXFileReference; lastKnownFileType = sourcecode.swift; path = CustomTableView.swift; sourceTree = "<group>"; };
		E3E1E78F263C12FE00ABE669 /* CustomTableView.xib */ = {isa = PBXFileReference; lastKnownFileType = file.xib; path = CustomTableView.xib; sourceTree = "<group>"; };
		E3E1E793263C167500ABE669 /* CustomTableViewCell.swift */ = {isa = PBXFileReference; lastKnownFileType = sourcecode.swift; path = CustomTableViewCell.swift; sourceTree = "<group>"; };
		E3E1E794263C167500ABE669 /* CustomTableViewCell.xib */ = {isa = PBXFileReference; lastKnownFileType = file.xib; path = CustomTableViewCell.xib; sourceTree = "<group>"; };
/* End PBXFileReference section */

/* Begin PBXFrameworksBuildPhase section */
		E360D3292625D22A00B1240C /* Frameworks */ = {
			isa = PBXFrameworksBuildPhase;
			buildActionMask = 2147483647;
			files = (
			);
			runOnlyForDeploymentPostprocessing = 0;
		};
/* End PBXFrameworksBuildPhase section */

/* Begin PBXGroup section */
		E360D3232625D22A00B1240C = {
			isa = PBXGroup;
			children = (
				E360D32E2625D22A00B1240C /* CustomTableView */,
				E360D32D2625D22A00B1240C /* Products */,
			);
			sourceTree = "<group>";
		};
		E360D32D2625D22A00B1240C /* Products */ = {
			isa = PBXGroup;
			children = (
				E360D32C2625D22A00B1240C /* CustomTableView.app */,
			);
			name = Products;
			sourceTree = "<group>";
		};
		E360D32E2625D22A00B1240C /* CustomTableView */ = {
			isa = PBXGroup;
			children = (
				E3CC34A42638500B000DB6AC /* Model */,
				E360D3452625DCC900B1240C /* CollectionView */,
				E360D3442625DCBB00B1240C /* TableView */,
				E360D32F2625D22A00B1240C /* AppDelegate.swift */,
				E360D3312625D22A00B1240C /* SceneDelegate.swift */,
				E360D3332625D22A00B1240C /* ViewController.swift */,
				E360D3352625D22A00B1240C /* Main.storyboard */,
				E360D3382625D22C00B1240C /* Assets.xcassets */,
				E360D33A2625D22C00B1240C /* LaunchScreen.storyboard */,
				E360D33D2625D22C00B1240C /* Info.plist */,
				E3CC34A9263851BE000DB6AC /* Utils.swift */,
			);
			path = CustomTableView;
			sourceTree = "<group>";
		};
		E360D3442625DCBB00B1240C /* TableView */ = {
			isa = PBXGroup;
			children = (
				E3E1E78B263C12EB00ABE669 /* CustomTableView.swift */,
				E3E1E78F263C12FE00ABE669 /* CustomTableView.xib */,
				E3E1E793263C167500ABE669 /* CustomTableViewCell.swift */,
				E3E1E794263C167500ABE669 /* CustomTableViewCell.xib */,
			);
			path = TableView;
			sourceTree = "<group>";
		};
		E360D3452625DCC900B1240C /* CollectionView */ = {
			isa = PBXGroup;
			children = (
				E372B3B026513B3C004C5D7A /* CustomCollection.swift */,
				E372B3BC265177E4004C5D7A /* CustomCollection.xib */,
				E36CF4E32630CB91009EF7BC /* CustomCollectionView.swift */,
				E36CF4E02630C96D009EF7BC /* CustomCollectionView.xib */,
				E36CF4E62630CE6D009EF7BC /* CustomCollectionViewCell.swift */,
				E36CF4E72630CE6D009EF7BC /* CustomCollectionViewCell.xib */,
			);
			path = CollectionView;
			sourceTree = "<group>";
		};
		E3CC34A42638500B000DB6AC /* Model */ = {
			isa = PBXGroup;
			children = (
				E3CC34A52638503C000DB6AC /* ManagedObjects.swift */,
				E3C4729E263AF093000BBCBE /* MockDatabase.swift */,
			);
			path = Model;
			sourceTree = "<group>";
		};
/* End PBXGroup section */

/* Begin PBXNativeTarget section */
		E360D32B2625D22A00B1240C /* CustomTableView */ = {
			isa = PBXNativeTarget;
			buildConfigurationList = E360D3402625D22C00B1240C /* Build configuration list for PBXNativeTarget "CustomTableView" */;
			buildPhases = (
				E360D3282625D22A00B1240C /* Sources */,
				E360D3292625D22A00B1240C /* Frameworks */,
				E360D32A2625D22A00B1240C /* Resources */,
			);
			buildRules = (
			);
			dependencies = (
			);
			name = CustomTableView;
			productName = CustomTableView;
			productReference = E360D32C2625D22A00B1240C /* CustomTableView.app */;
			productType = "com.apple.product-type.application";
		};
/* End PBXNativeTarget section */

/* Begin PBXProject section */
		E360D3242625D22A00B1240C /* Project object */ = {
			isa = PBXProject;
			attributes = {
				LastSwiftUpdateCheck = 1240;
				LastUpgradeCheck = 1240;
				TargetAttributes = {
					E360D32B2625D22A00B1240C = {
						CreatedOnToolsVersion = 12.4;
					};
				};
			};
			buildConfigurationList = E360D3272625D22A00B1240C /* Build configuration list for PBXProject "CustomTableView" */;
			compatibilityVersion = "Xcode 9.3";
			developmentRegion = en;
			hasScannedForEncodings = 0;
			knownRegions = (
				en,
				Base,
			);
			mainGroup = E360D3232625D22A00B1240C;
			productRefGroup = E360D32D2625D22A00B1240C /* Products */;
			projectDirPath = "";
			projectRoot = "";
			targets = (
				E360D32B2625D22A00B1240C /* CustomTableView */,
			);
		};
/* End PBXProject section */

/* Begin PBXResourcesBuildPhase section */
		E360D32A2625D22A00B1240C /* Resources */ = {
			isa = PBXResourcesBuildPhase;
			buildActionMask = 2147483647;
			files = (
				E3E1E790263C12FE00ABE669 /* CustomTableView.xib in Resources */,
				E360D33C2625D22C00B1240C /* LaunchScreen.storyboard in Resources */,
				E360D3392625D22C00B1240C /* Assets.xcassets in Resources */,
				E3E1E796263C167500ABE669 /* CustomTableViewCell.xib in Resources */,
				E372B3BD265177E4004C5D7A /* CustomCollection.xib in Resources */,
				E360D3372625D22A00B1240C /* Main.storyboard in Resources */,
				E36CF4E92630CE6D009EF7BC /* CustomCollectionViewCell.xib in Resources */,
				E36CF4E12630C96D009EF7BC /* CustomCollectionView.xib in Resources */,
			);
			runOnlyForDeploymentPostprocessing = 0;
		};
/* End PBXResourcesBuildPhase section */

/* Begin PBXSourcesBuildPhase section */
		E360D3282625D22A00B1240C /* Sources */ = {
			isa = PBXSourcesBuildPhase;
			buildActionMask = 2147483647;
			files = (
				E360D3342625D22A00B1240C /* ViewController.swift in Sources */,
				E36CF4E82630CE6D009EF7BC /* CustomCollectionViewCell.swift in Sources */,
				E360D3302625D22A00B1240C /* AppDelegate.swift in Sources */,
				E3CC34AA263851BE000DB6AC /* Utils.swift in Sources */,
				E3C4729F263AF093000BBCBE /* MockDatabase.swift in Sources */,
				E3E1E795263C167500ABE669 /* CustomTableViewCell.swift in Sources */,
				E360D3302625D22A00B1240C /* AppDelegate.swift in Sources */,
				E3E1E78C263C12EB00ABE669 /* CustomTableView.swift in Sources */,
				E372B3B126513B3C004C5D7A /* CustomCollection.swift in Sources */,
				E360D3322625D22A00B1240C /* SceneDelegate.swift in Sources */,
				E3CC34A62638503C000DB6AC /* ManagedObjects.swift in Sources */,
				E36CF4E42630CB91009EF7BC /* CustomCollectionView.swift in Sources */,
			);
			runOnlyForDeploymentPostprocessing = 0;
		};
/* End PBXSourcesBuildPhase section */

/* Begin PBXVariantGroup section */
		E360D3352625D22A00B1240C /* Main.storyboard */ = {
			isa = PBXVariantGroup;
			children = (
				E360D3362625D22A00B1240C /* Base */,
			);
			name = Main.storyboard;
			sourceTree = "<group>";
		};
		E360D33A2625D22C00B1240C /* LaunchScreen.storyboard */ = {
			isa = PBXVariantGroup;
			children = (
				E360D33B2625D22C00B1240C /* Base */,
			);
			name = LaunchScreen.storyboard;
			sourceTree = "<group>";
		};
/* End PBXVariantGroup section */

/* Begin XCBuildConfiguration section */
		E360D33E2625D22C00B1240C /* Debug */ = {
			isa = XCBuildConfiguration;
			buildSettings = {
				ALWAYS_SEARCH_USER_PATHS = NO;
				CLANG_ANALYZER_NONNULL = YES;
				CLANG_ANALYZER_NUMBER_OBJECT_CONVERSION = YES_AGGRESSIVE;
				CLANG_CXX_LANGUAGE_STANDARD = "gnu++14";
				CLANG_CXX_LIBRARY = "libc++";
				CLANG_ENABLE_MODULES = YES;
				CLANG_ENABLE_OBJC_ARC = YES;
				CLANG_ENABLE_OBJC_WEAK = YES;
				CLANG_WARN_BLOCK_CAPTURE_AUTORELEASING = YES;
				CLANG_WARN_BOOL_CONVERSION = YES;
				CLANG_WARN_COMMA = YES;
				CLANG_WARN_CONSTANT_CONVERSION = YES;
				CLANG_WARN_DEPRECATED_OBJC_IMPLEMENTATIONS = YES;
				CLANG_WARN_DIRECT_OBJC_ISA_USAGE = YES_ERROR;
				CLANG_WARN_DOCUMENTATION_COMMENTS = YES;
				CLANG_WARN_EMPTY_BODY = YES;
				CLANG_WARN_ENUM_CONVERSION = YES;
				CLANG_WARN_INFINITE_RECURSION = YES;
				CLANG_WARN_INT_CONVERSION = YES;
				CLANG_WARN_NON_LITERAL_NULL_CONVERSION = YES;
				CLANG_WARN_OBJC_IMPLICIT_RETAIN_SELF = YES;
				CLANG_WARN_OBJC_LITERAL_CONVERSION = YES;
				CLANG_WARN_OBJC_ROOT_CLASS = YES_ERROR;
				CLANG_WARN_QUOTED_INCLUDE_IN_FRAMEWORK_HEADER = YES;
				CLANG_WARN_RANGE_LOOP_ANALYSIS = YES;
				CLANG_WARN_STRICT_PROTOTYPES = YES;
				CLANG_WARN_SUSPICIOUS_MOVE = YES;
				CLANG_WARN_UNGUARDED_AVAILABILITY = YES_AGGRESSIVE;
				CLANG_WARN_UNREACHABLE_CODE = YES;
				CLANG_WARN__DUPLICATE_METHOD_MATCH = YES;
				COPY_PHASE_STRIP = NO;
				DEBUG_INFORMATION_FORMAT = dwarf;
				ENABLE_STRICT_OBJC_MSGSEND = YES;
				ENABLE_TESTABILITY = YES;
				GCC_C_LANGUAGE_STANDARD = gnu11;
				GCC_DYNAMIC_NO_PIC = NO;
				GCC_NO_COMMON_BLOCKS = YES;
				GCC_OPTIMIZATION_LEVEL = 0;
				GCC_PREPROCESSOR_DEFINITIONS = (
					"DEBUG=1",
					"$(inherited)",
				);
				GCC_WARN_64_TO_32_BIT_CONVERSION = YES;
				GCC_WARN_ABOUT_RETURN_TYPE = YES_ERROR;
				GCC_WARN_UNDECLARED_SELECTOR = YES;
				GCC_WARN_UNINITIALIZED_AUTOS = YES_AGGRESSIVE;
				GCC_WARN_UNUSED_FUNCTION = YES;
				GCC_WARN_UNUSED_VARIABLE = YES;
				IPHONEOS_DEPLOYMENT_TARGET = 14.4;
				MTL_ENABLE_DEBUG_INFO = INCLUDE_SOURCE;
				MTL_FAST_MATH = YES;
				ONLY_ACTIVE_ARCH = YES;
				SDKROOT = iphoneos;
				SWIFT_ACTIVE_COMPILATION_CONDITIONS = DEBUG;
				SWIFT_OPTIMIZATION_LEVEL = "-Onone";
			};
			name = Debug;
		};
		E360D33F2625D22C00B1240C /* Release */ = {
			isa = XCBuildConfiguration;
			buildSettings = {
				ALWAYS_SEARCH_USER_PATHS = NO;
				CLANG_ANALYZER_NONNULL = YES;
				CLANG_ANALYZER_NUMBER_OBJECT_CONVERSION = YES_AGGRESSIVE;
				CLANG_CXX_LANGUAGE_STANDARD = "gnu++14";
				CLANG_CXX_LIBRARY = "libc++";
				CLANG_ENABLE_MODULES = YES;
				CLANG_ENABLE_OBJC_ARC = YES;
				CLANG_ENABLE_OBJC_WEAK = YES;
				CLANG_WARN_BLOCK_CAPTURE_AUTORELEASING = YES;
				CLANG_WARN_BOOL_CONVERSION = YES;
				CLANG_WARN_COMMA = YES;
				CLANG_WARN_CONSTANT_CONVERSION = YES;
				CLANG_WARN_DEPRECATED_OBJC_IMPLEMENTATIONS = YES;
				CLANG_WARN_DIRECT_OBJC_ISA_USAGE = YES_ERROR;
				CLANG_WARN_DOCUMENTATION_COMMENTS = YES;
				CLANG_WARN_EMPTY_BODY = YES;
				CLANG_WARN_ENUM_CONVERSION = YES;
				CLANG_WARN_INFINITE_RECURSION = YES;
				CLANG_WARN_INT_CONVERSION = YES;
				CLANG_WARN_NON_LITERAL_NULL_CONVERSION = YES;
				CLANG_WARN_OBJC_IMPLICIT_RETAIN_SELF = YES;
				CLANG_WARN_OBJC_LITERAL_CONVERSION = YES;
				CLANG_WARN_OBJC_ROOT_CLASS = YES_ERROR;
				CLANG_WARN_QUOTED_INCLUDE_IN_FRAMEWORK_HEADER = YES;
				CLANG_WARN_RANGE_LOOP_ANALYSIS = YES;
				CLANG_WARN_STRICT_PROTOTYPES = YES;
				CLANG_WARN_SUSPICIOUS_MOVE = YES;
				CLANG_WARN_UNGUARDED_AVAILABILITY = YES_AGGRESSIVE;
				CLANG_WARN_UNREACHABLE_CODE = YES;
				CLANG_WARN__DUPLICATE_METHOD_MATCH = YES;
				COPY_PHASE_STRIP = NO;
				DEBUG_INFORMATION_FORMAT = "dwarf-with-dsym";
				ENABLE_NS_ASSERTIONS = NO;
				ENABLE_STRICT_OBJC_MSGSEND = YES;
				GCC_C_LANGUAGE_STANDARD = gnu11;
				GCC_NO_COMMON_BLOCKS = YES;
				GCC_WARN_64_TO_32_BIT_CONVERSION = YES;
				GCC_WARN_ABOUT_RETURN_TYPE = YES_ERROR;
				GCC_WARN_UNDECLARED_SELECTOR = YES;
				GCC_WARN_UNINITIALIZED_AUTOS = YES_AGGRESSIVE;
				GCC_WARN_UNUSED_FUNCTION = YES;
				GCC_WARN_UNUSED_VARIABLE = YES;
				IPHONEOS_DEPLOYMENT_TARGET = 14.4;
				MTL_ENABLE_DEBUG_INFO = NO;
				MTL_FAST_MATH = YES;
				SDKROOT = iphoneos;
				SWIFT_COMPILATION_MODE = wholemodule;
				SWIFT_OPTIMIZATION_LEVEL = "-O";
				VALIDATE_PRODUCT = YES;
			};
			name = Release;
		};
		E360D3412625D22C00B1240C /* Debug */ = {
			isa = XCBuildConfiguration;
			buildSettings = {
				ASSETCATALOG_COMPILER_APPICON_NAME = AppIcon;
				ASSETCATALOG_COMPILER_GLOBAL_ACCENT_COLOR_NAME = AccentColor;
				CODE_SIGN_STYLE = Automatic;
				DEVELOPMENT_TEAM = 6UYTL4Z53L;
				INFOPLIST_FILE = CustomTableView/Info.plist;
				LD_RUNPATH_SEARCH_PATHS = (
					"$(inherited)",
					"@executable_path/Frameworks",
				);
				PRODUCT_BUNDLE_IDENTIFIER = none.CustomTableView;
				PRODUCT_NAME = "$(TARGET_NAME)";
				SWIFT_VERSION = 5.0;
				TARGETED_DEVICE_FAMILY = "1,2";
			};
			name = Debug;
		};
		E360D3422625D22C00B1240C /* Release */ = {
			isa = XCBuildConfiguration;
			buildSettings = {
				ASSETCATALOG_COMPILER_APPICON_NAME = AppIcon;
				ASSETCATALOG_COMPILER_GLOBAL_ACCENT_COLOR_NAME = AccentColor;
				CODE_SIGN_STYLE = Automatic;
				DEVELOPMENT_TEAM = 6UYTL4Z53L;
				INFOPLIST_FILE = CustomTableView/Info.plist;
				LD_RUNPATH_SEARCH_PATHS = (
					"$(inherited)",
					"@executable_path/Frameworks",
				);
				PRODUCT_BUNDLE_IDENTIFIER = none.CustomTableView;
				PRODUCT_NAME = "$(TARGET_NAME)";
				SWIFT_VERSION = 5.0;
				TARGETED_DEVICE_FAMILY = "1,2";
			};
			name = Release;
		};
/* End XCBuildConfiguration section */

/* Begin XCConfigurationList section */
		E360D3272625D22A00B1240C /* Build configuration list for PBXProject "CustomTableView" */ = {
			isa = XCConfigurationList;
			buildConfigurations = (
				E360D33E2625D22C00B1240C /* Debug */,
				E360D33F2625D22C00B1240C /* Release */,
			);
			defaultConfigurationIsVisible = 0;
			defaultConfigurationName = Release;
		};
		E360D3402625D22C00B1240C /* Build configuration list for PBXNativeTarget "CustomTableView" */ = {
			isa = XCConfigurationList;
			buildConfigurations = (
				E360D3412625D22C00B1240C /* Debug */,
				E360D3422625D22C00B1240C /* Release */,
			);
			defaultConfigurationIsVisible = 0;
			defaultConfigurationName = Release;
		};
/* End XCConfigurationList section */
	};
	rootObject = E360D3242625D22A00B1240C /* Project object */;
}
